
Microsoft Visual Studio Solution File, Format Version 12.00
# Visual Studio Version 17
VisualStudioVersion = 17.9.34902.65
MinimumVisualStudioVersion = 10.0.40219.1
Project("{FAE04EC0-301F-11D3-BF4B-00C04F79EFBC}") = "AdminUI", "AdminUI.csproj", "{716097CF-91AD-4A0A-AFA5-18C969A66ED2}"
EndProject
Global
	GlobalSection(SolutionConfigurationPlatforms) = preSolution
		Debug|Any CPU = Debug|Any CPU
		Release|Any CPU = Release|Any CPU
	EndGlobalSection
	GlobalSection(ProjectConfigurationPlatforms) = postSolution
		{716097CF-91AD-4A0A-AFA5-18C969A66ED2}.Debug|Any CPU.ActiveCfg = Debug|Any CPU
		{716097CF-91AD-4A0A-AFA5-18C969A66ED2}.Debug|Any CPU.Build.0 = Debug|Any CPU
		{716097CF-91AD-4A0A-AFA5-18C969A66ED2}.Release|Any CPU.ActiveCfg = Release|Any CPU
		{716097CF-91AD-4A0A-AFA5-18C969A66ED2}.Release|Any CPU.Build.0 = Release|Any CPU
	EndGlobalSection
	GlobalSection(SolutionProperties) = preSolution
		HideSolutionNode = FALSE
	EndGlobalSection
	GlobalSection(ExtensibilityGlobals) = postSolution
		SolutionGuid = {0E54A0F7-A872-405A-8E6D-36CADA35E3D6}
	EndGlobalSection
EndGlobal
